
Microsoft Visual Studio Solution File, Format Version 12.00
Project("{FAE04EC0-301F-11D3-BF4B-00C04F79EFBC}") = "DDTDex", "src\DDTDex\DDTDex.csproj", "{A143ABE6-D509-4A9C-9EE1-C160209F63BE}"
EndProject
Global
	GlobalSection(SolutionConfigurationPlatforms) = preSolution
		Debug|Any CPU = Debug|Any CPU
		Release|Any CPU = Release|Any CPU
	EndGlobalSection
	GlobalSection(ProjectConfigurationPlatforms) = postSolution
		{A143ABE6-D509-4A9C-9EE1-C160209F63BE}.Debug|Any CPU.ActiveCfg = Debug|Any CPU
		{A143ABE6-D509-4A9C-9EE1-C160209F63BE}.Debug|Any CPU.Build.0 = Debug|Any CPU
		{A143ABE6-D509-4A9C-9EE1-C160209F63BE}.Release|Any CPU.ActiveCfg = Release|Any CPU
		{A143ABE6-D509-4A9C-9EE1-C160209F63BE}.Release|Any CPU.Build.0 = Release|Any CPU
	EndGlobalSection
EndGlobal
